
Microsoft Visual Studio Solution File, Format Version 11.00
# Visual Studio 2010
Project("{FAE04EC0-301F-11D3-BF4B-00C04F79EFBC}") = "UserInput", "UserInput.csproj", "{5964A78A-C791-4FF4-938C-17AC4D872524}"
EndProject
Global
	GlobalSection(SolutionConfigurationPlatforms) = preSolution
		Debug|Any CPU = Debug|Any CPU
		Release|Any CPU = Release|Any CPU
	EndGlobalSection
	GlobalSection(ProjectConfigurationPlatforms) = postSolution
		{5964A78A-C791-4FF4-938C-17AC4D872524}.Debug|Any CPU.ActiveCfg = Debug|Any CPU
		{5964A78A-C791-4FF4-938C-17AC4D872524}.Debug|Any CPU.Build.0 = Debug|Any CPU
		{5964A78A-C791-4FF4-938C-17AC4D872524}.Release|Any CPU.ActiveCfg = Release|Any CPU
		{5964A78A-C791-4FF4-938C-17AC4D872524}.Release|Any CPU.Build.0 = Release|Any CPU
	EndGlobalSection
EndGlobal
